
Microsoft Visual Studio Solution File, Format Version 12.00
# Visual Studio 15
VisualStudioVersion = 15.0.28010.2046
MinimumVisualStudioVersion = 10.0.40219.1
Project("{9A19103F-16F7-4668-BE54-9A1E7A4F7556}") = "Strategy", "BehavioralPatterns\Strategy\Strategy.csproj", "{18D6F3F1-6235-473B-A457-20AAB2633515}"
EndProject
Project("{2150E333-8FDC-42A3-9474-1A3956D46DE8}") = "BehavioralPatterns", "BehavioralPatterns", "{B80C8257-B66B-4434-8DC1-1ABAEBC2BB4A}"
EndProject
Project("{9A19103F-16F7-4668-BE54-9A1E7A4F7556}") = "Observer", "BehavioralPatterns\Observer\Observer.csproj", "{6E76743D-22EF-4C92-B52E-5F3725DF7FC4}"
EndProject
Project("{2150E333-8FDC-42A3-9474-1A3956D46DE8}") = "StructuralPatterns", "StructuralPatterns", "{6DCB89E4-4F51-4A39-9E3B-034269F81C7A}"
EndProject
Project("{9A19103F-16F7-4668-BE54-9A1E7A4F7556}") = "Adapter", "StructuralPatterns\Adapter\Adapter.csproj", "{121AC940-E685-4804-9202-B3E33DBA547E}"
EndProject
Project("{9A19103F-16F7-4668-BE54-9A1E7A4F7556}") = "Decorator", "StructuralPatterns\Decorator\Decorator.csproj", "{5D3CCEB0-4BC7-4CDB-8407-92C0A4473141}"
EndProject
Project("{2150E333-8FDC-42A3-9474-1A3956D46DE8}") = "CreationalPatterns", "CreationalPatterns", "{2948FBD7-A42C-4EC6-961D-F1ACC527889C}"
EndProject
Project("{9A19103F-16F7-4668-BE54-9A1E7A4F7556}") = "AbstractFactory", "CreationalPatterns\AbstractFactory\AbstractFactory.csproj", "{0F93B1B8-B708-4862-BE47-23D7B424DB76}"
EndProject
Project("{9A19103F-16F7-4668-BE54-9A1E7A4F7556}") = "FactoryMethod", "CreationalPatterns\FactoryMethod\FactoryMethod.csproj", "{77F8ADDE-A4B9-4F1F-9B4B-8EFE7D33EF7C}"
EndProject
Global
	GlobalSection(SolutionConfigurationPlatforms) = preSolution
		Debug|Any CPU = Debug|Any CPU
		Release|Any CPU = Release|Any CPU
	EndGlobalSection
	GlobalSection(ProjectConfigurationPlatforms) = postSolution
		{18D6F3F1-6235-473B-A457-20AAB2633515}.Debug|Any CPU.ActiveCfg = Debug|Any CPU
		{18D6F3F1-6235-473B-A457-20AAB2633515}.Debug|Any CPU.Build.0 = Debug|Any CPU
		{18D6F3F1-6235-473B-A457-20AAB2633515}.Release|Any CPU.ActiveCfg = Release|Any CPU
		{18D6F3F1-6235-473B-A457-20AAB2633515}.Release|Any CPU.Build.0 = Release|Any CPU
		{6E76743D-22EF-4C92-B52E-5F3725DF7FC4}.Debug|Any CPU.ActiveCfg = Debug|Any CPU
		{6E76743D-22EF-4C92-B52E-5F3725DF7FC4}.Debug|Any CPU.Build.0 = Debug|Any CPU
		{6E76743D-22EF-4C92-B52E-5F3725DF7FC4}.Release|Any CPU.ActiveCfg = Release|Any CPU
		{6E76743D-22EF-4C92-B52E-5F3725DF7FC4}.Release|Any CPU.Build.0 = Release|Any CPU
		{121AC940-E685-4804-9202-B3E33DBA547E}.Debug|Any CPU.ActiveCfg = Debug|Any CPU
		{121AC940-E685-4804-9202-B3E33DBA547E}.Debug|Any CPU.Build.0 = Debug|Any CPU
		{121AC940-E685-4804-9202-B3E33DBA547E}.Release|Any CPU.ActiveCfg = Release|Any CPU
		{121AC940-E685-4804-9202-B3E33DBA547E}.Release|Any CPU.Build.0 = Release|Any CPU
		{5D3CCEB0-4BC7-4CDB-8407-92C0A4473141}.Debug|Any CPU.ActiveCfg = Debug|Any CPU
		{5D3CCEB0-4BC7-4CDB-8407-92C0A4473141}.Debug|Any CPU.Build.0 = Debug|Any CPU
		{5D3CCEB0-4BC7-4CDB-8407-92C0A4473141}.Release|Any CPU.ActiveCfg = Release|Any CPU
		{5D3CCEB0-4BC7-4CDB-8407-92C0A4473141}.Release|Any CPU.Build.0 = Release|Any CPU
		{0F93B1B8-B708-4862-BE47-23D7B424DB76}.Debug|Any CPU.ActiveCfg = Debug|Any CPU
		{0F93B1B8-B708-4862-BE47-23D7B424DB76}.Debug|Any CPU.Build.0 = Debug|Any CPU
		{0F93B1B8-B708-4862-BE47-23D7B424DB76}.Release|Any CPU.ActiveCfg = Release|Any CPU
		{0F93B1B8-B708-4862-BE47-23D7B424DB76}.Release|Any CPU.Build.0 = Release|Any CPU
		{77F8ADDE-A4B9-4F1F-9B4B-8EFE7D33EF7C}.Debug|Any CPU.ActiveCfg = Debug|Any CPU
		{77F8ADDE-A4B9-4F1F-9B4B-8EFE7D33EF7C}.Debug|Any CPU.Build.0 = Debug|Any CPU
		{77F8ADDE-A4B9-4F1F-9B4B-8EFE7D33EF7C}.Release|Any CPU.ActiveCfg = Release|Any CPU
		{77F8ADDE-A4B9-4F1F-9B4B-8EFE7D33EF7C}.Release|Any CPU.Build.0 = Release|Any CPU
	EndGlobalSection
	GlobalSection(SolutionProperties) = preSolution
		HideSolutionNode = FALSE
	EndGlobalSection
	GlobalSection(NestedProjects) = preSolution
		{18D6F3F1-6235-473B-A457-20AAB2633515} = {B80C8257-B66B-4434-8DC1-1ABAEBC2BB4A}
		{6E76743D-22EF-4C92-B52E-5F3725DF7FC4} = {B80C8257-B66B-4434-8DC1-1ABAEBC2BB4A}
		{121AC940-E685-4804-9202-B3E33DBA547E} = {6DCB89E4-4F51-4A39-9E3B-034269F81C7A}
		{5D3CCEB0-4BC7-4CDB-8407-92C0A4473141} = {6DCB89E4-4F51-4A39-9E3B-034269F81C7A}
		{0F93B1B8-B708-4862-BE47-23D7B424DB76} = {2948FBD7-A42C-4EC6-961D-F1ACC527889C}
		{77F8ADDE-A4B9-4F1F-9B4B-8EFE7D33EF7C} = {2948FBD7-A42C-4EC6-961D-F1ACC527889C}
	EndGlobalSection
	GlobalSection(ExtensibilityGlobals) = postSolution
		SolutionGuid = {366266C9-6FBA-4F04-8230-296B216449BC}
	EndGlobalSection
EndGlobal
