
Microsoft Visual Studio Solution File, Format Version 12.00
# Visual Studio 15
VisualStudioVersion = 15.0.28010.2046
MinimumVisualStudioVersion = 10.0.40219.1
Project("{9A19103F-16F7-4668-BE54-9A1E7A4F7556}") = "Adapter", "Adapter\Adapter.csproj", "{450D3113-4B66-4EEE-8539-6E94D043CAAB}"
EndProject
Project("{9A19103F-16F7-4668-BE54-9A1E7A4F7556}") = "Factory", "Factory\Factory.csproj", "{5CFF1D76-80DE-48AA-99E5-87BB9613A4D6}"
EndProject
Project("{9A19103F-16F7-4668-BE54-9A1E7A4F7556}") = "AbstractFactory", "AbstractFactory\AbstractFactory.csproj", "{7DCD0FEE-D7FD-4C3D-AF9B-EBA9EB252FDF}"
EndProject
Project("{9A19103F-16F7-4668-BE54-9A1E7A4F7556}") = "Strategy", "Strategy\Strategy.csproj", "{D5D21556-96D0-416B-8E6C-FE6B03CCDEB8}"
EndProject
Project("{FAE04EC0-301F-11D3-BF4B-00C04F79EFBC}") = "Observer", "Observer\Observer.csproj", "{406BD31D-74E5-41FF-BAB5-B7C0BAC1E42A}"
EndProject
Global
	GlobalSection(SolutionConfigurationPlatforms) = preSolution
		Debug|Any CPU = Debug|Any CPU
		Release|Any CPU = Release|Any CPU
	EndGlobalSection
	GlobalSection(ProjectConfigurationPlatforms) = postSolution
		{450D3113-4B66-4EEE-8539-6E94D043CAAB}.Debug|Any CPU.ActiveCfg = Debug|Any CPU
		{450D3113-4B66-4EEE-8539-6E94D043CAAB}.Debug|Any CPU.Build.0 = Debug|Any CPU
		{450D3113-4B66-4EEE-8539-6E94D043CAAB}.Release|Any CPU.ActiveCfg = Release|Any CPU
		{450D3113-4B66-4EEE-8539-6E94D043CAAB}.Release|Any CPU.Build.0 = Release|Any CPU
		{5CFF1D76-80DE-48AA-99E5-87BB9613A4D6}.Debug|Any CPU.ActiveCfg = Debug|Any CPU
		{5CFF1D76-80DE-48AA-99E5-87BB9613A4D6}.Debug|Any CPU.Build.0 = Debug|Any CPU
		{5CFF1D76-80DE-48AA-99E5-87BB9613A4D6}.Release|Any CPU.ActiveCfg = Release|Any CPU
		{5CFF1D76-80DE-48AA-99E5-87BB9613A4D6}.Release|Any CPU.Build.0 = Release|Any CPU
		{7DCD0FEE-D7FD-4C3D-AF9B-EBA9EB252FDF}.Debug|Any CPU.ActiveCfg = Debug|Any CPU
		{7DCD0FEE-D7FD-4C3D-AF9B-EBA9EB252FDF}.Debug|Any CPU.Build.0 = Debug|Any CPU
		{7DCD0FEE-D7FD-4C3D-AF9B-EBA9EB252FDF}.Release|Any CPU.ActiveCfg = Release|Any CPU
		{7DCD0FEE-D7FD-4C3D-AF9B-EBA9EB252FDF}.Release|Any CPU.Build.0 = Release|Any CPU
		{D5D21556-96D0-416B-8E6C-FE6B03CCDEB8}.Debug|Any CPU.ActiveCfg = Debug|Any CPU
		{D5D21556-96D0-416B-8E6C-FE6B03CCDEB8}.Debug|Any CPU.Build.0 = Debug|Any CPU
		{D5D21556-96D0-416B-8E6C-FE6B03CCDEB8}.Release|Any CPU.ActiveCfg = Release|Any CPU
		{D5D21556-96D0-416B-8E6C-FE6B03CCDEB8}.Release|Any CPU.Build.0 = Release|Any CPU
		{406BD31D-74E5-41FF-BAB5-B7C0BAC1E42A}.Debug|Any CPU.ActiveCfg = Debug|Any CPU
		{406BD31D-74E5-41FF-BAB5-B7C0BAC1E42A}.Debug|Any CPU.Build.0 = Debug|Any CPU
		{406BD31D-74E5-41FF-BAB5-B7C0BAC1E42A}.Release|Any CPU.ActiveCfg = Release|Any CPU
		{406BD31D-74E5-41FF-BAB5-B7C0BAC1E42A}.Release|Any CPU.Build.0 = Release|Any CPU
	EndGlobalSection
	GlobalSection(SolutionProperties) = preSolution
		HideSolutionNode = FALSE
	EndGlobalSection
	GlobalSection(ExtensibilityGlobals) = postSolution
		SolutionGuid = {366266C9-6FBA-4F04-8230-296B216449BC}
	EndGlobalSection
EndGlobal
